
Microsoft Visual Studio Solution File, Format Version 12.00
# Visual Studio 15
VisualStudioVersion = 15.0.26228.12
MinimumVisualStudioVersion = 10.0.40219.1
Project("{FAE04EC0-301F-11D3-BF4B-00C04F79EFBC}") = "DamSword.Web", "DamSword.Web\DamSword.Web.csproj", "{F490E558-7522-48AD-975C-14904977FA1E}"
EndProject
Project("{FAE04EC0-301F-11D3-BF4B-00C04F79EFBC}") = "DamSword.Data", "DamSword.Data\DamSword.Data.csproj", "{3853C971-D4FE-4FE1-BF5C-650CB9FDB03D}"
EndProject
Project("{FAE04EC0-301F-11D3-BF4B-00C04F79EFBC}") = "DamSword.Common", "DamSword.Common\DamSword.Common.csproj", "{3E76E10D-4335-436D-A87B-EFD2A4B56EAC}"
EndProject
Project("{FAE04EC0-301F-11D3-BF4B-00C04F79EFBC}") = "DamSword.Services", "DamSword.Services\DamSword.Services.csproj", "{F187DC69-C13B-468F-9C7C-0D70CF2E16D5}"
EndProject
Project("{FAE04EC0-301F-11D3-BF4B-00C04F79EFBC}") = "DamSword.Watch", "DamSword.Watch\DamSword.Watch.csproj", "{E4FD58CE-D980-4862-BC64-34CE8C83CC52}"
EndProject
Project("{2150E333-8FDC-42A3-9474-1A3956D46DE8}") = "Mobile", "Mobile", "{ACDF8E26-71CC-4775-A9B9-8F71D435E75B}"
EndProject
Project("{262852C6-CD72-467D-83FE-5EEB1973A190}") = "DamSword.Mobile", "DamSword.Mobile\DamSword.Mobile.jsproj", "{549CBA80-397B-4F8E-BB0E-5944E9D7E7DD}"
EndProject
Global
	GlobalSection(SolutionConfigurationPlatforms) = preSolution
		Debug|Android = Debug|Android
		Debug|Any CPU = Debug|Any CPU
		Debug|iOS = Debug|iOS
		Debug|Windows-AnyCPU = Debug|Windows-AnyCPU
		Debug|Windows-ARM = Debug|Windows-ARM
		Debug|Windows-x64 = Debug|Windows-x64
		Debug|Windows-x86 = Debug|Windows-x86
		Debug|x64 = Debug|x64
		Debug|x86 = Debug|x86
		Release|Android = Release|Android
		Release|Any CPU = Release|Any CPU
		Release|iOS = Release|iOS
		Release|Windows-AnyCPU = Release|Windows-AnyCPU
		Release|Windows-ARM = Release|Windows-ARM
		Release|Windows-x64 = Release|Windows-x64
		Release|Windows-x86 = Release|Windows-x86
		Release|x64 = Release|x64
		Release|x86 = Release|x86
	EndGlobalSection
	GlobalSection(ProjectConfigurationPlatforms) = postSolution
		{F490E558-7522-48AD-975C-14904977FA1E}.Debug|Android.ActiveCfg = Debug|Any CPU
		{F490E558-7522-48AD-975C-14904977FA1E}.Debug|Android.Build.0 = Debug|Any CPU
		{F490E558-7522-48AD-975C-14904977FA1E}.Debug|Any CPU.ActiveCfg = Debug|Any CPU
		{F490E558-7522-48AD-975C-14904977FA1E}.Debug|Any CPU.Build.0 = Debug|Any CPU
		{F490E558-7522-48AD-975C-14904977FA1E}.Debug|iOS.ActiveCfg = Debug|Any CPU
		{F490E558-7522-48AD-975C-14904977FA1E}.Debug|iOS.Build.0 = Debug|Any CPU
		{F490E558-7522-48AD-975C-14904977FA1E}.Debug|Windows-AnyCPU.ActiveCfg = Debug|Any CPU
		{F490E558-7522-48AD-975C-14904977FA1E}.Debug|Windows-AnyCPU.Build.0 = Debug|Any CPU
		{F490E558-7522-48AD-975C-14904977FA1E}.Debug|Windows-ARM.ActiveCfg = Debug|Any CPU
		{F490E558-7522-48AD-975C-14904977FA1E}.Debug|Windows-ARM.Build.0 = Debug|Any CPU
		{F490E558-7522-48AD-975C-14904977FA1E}.Debug|Windows-x64.ActiveCfg = Debug|Any CPU
		{F490E558-7522-48AD-975C-14904977FA1E}.Debug|Windows-x64.Build.0 = Debug|Any CPU
		{F490E558-7522-48AD-975C-14904977FA1E}.Debug|Windows-x86.ActiveCfg = Debug|Any CPU
		{F490E558-7522-48AD-975C-14904977FA1E}.Debug|Windows-x86.Build.0 = Debug|Any CPU
		{F490E558-7522-48AD-975C-14904977FA1E}.Debug|x64.ActiveCfg = Debug|Any CPU
		{F490E558-7522-48AD-975C-14904977FA1E}.Debug|x64.Build.0 = Debug|Any CPU
		{F490E558-7522-48AD-975C-14904977FA1E}.Debug|x86.ActiveCfg = Debug|Any CPU
		{F490E558-7522-48AD-975C-14904977FA1E}.Debug|x86.Build.0 = Debug|Any CPU
		{F490E558-7522-48AD-975C-14904977FA1E}.Release|Android.ActiveCfg = Release|Any CPU
		{F490E558-7522-48AD-975C-14904977FA1E}.Release|Android.Build.0 = Release|Any CPU
		{F490E558-7522-48AD-975C-14904977FA1E}.Release|Any CPU.ActiveCfg = Release|Any CPU
		{F490E558-7522-48AD-975C-14904977FA1E}.Release|Any CPU.Build.0 = Release|Any CPU
		{F490E558-7522-48AD-975C-14904977FA1E}.Release|iOS.ActiveCfg = Release|Any CPU
		{F490E558-7522-48AD-975C-14904977FA1E}.Release|iOS.Build.0 = Release|Any CPU
		{F490E558-7522-48AD-975C-14904977FA1E}.Release|Windows-AnyCPU.ActiveCfg = Release|Any CPU
		{F490E558-7522-48AD-975C-14904977FA1E}.Release|Windows-AnyCPU.Build.0 = Release|Any CPU
		{F490E558-7522-48AD-975C-14904977FA1E}.Release|Windows-ARM.ActiveCfg = Release|Any CPU
		{F490E558-7522-48AD-975C-14904977FA1E}.Release|Windows-ARM.Build.0 = Release|Any CPU
		{F490E558-7522-48AD-975C-14904977FA1E}.Release|Windows-x64.ActiveCfg = Release|Any CPU
		{F490E558-7522-48AD-975C-14904977FA1E}.Release|Windows-x64.Build.0 = Release|Any CPU
		{F490E558-7522-48AD-975C-14904977FA1E}.Release|Windows-x86.ActiveCfg = Release|Any CPU
		{F490E558-7522-48AD-975C-14904977FA1E}.Release|Windows-x86.Build.0 = Release|Any CPU
		{F490E558-7522-48AD-975C-14904977FA1E}.Release|x64.ActiveCfg = Release|Any CPU
		{F490E558-7522-48AD-975C-14904977FA1E}.Release|x64.Build.0 = Release|Any CPU
		{F490E558-7522-48AD-975C-14904977FA1E}.Release|x86.ActiveCfg = Release|Any CPU
		{F490E558-7522-48AD-975C-14904977FA1E}.Release|x86.Build.0 = Release|Any CPU
		{3853C971-D4FE-4FE1-BF5C-650CB9FDB03D}.Debug|Android.ActiveCfg = Debug|Any CPU
		{3853C971-D4FE-4FE1-BF5C-650CB9FDB03D}.Debug|Android.Build.0 = Debug|Any CPU
		{3853C971-D4FE-4FE1-BF5C-650CB9FDB03D}.Debug|Any CPU.ActiveCfg = Debug|Any CPU
		{3853C971-D4FE-4FE1-BF5C-650CB9FDB03D}.Debug|Any CPU.Build.0 = Debug|Any CPU
		{3853C971-D4FE-4FE1-BF5C-650CB9FDB03D}.Debug|iOS.ActiveCfg = Debug|Any CPU
		{3853C971-D4FE-4FE1-BF5C-650CB9FDB03D}.Debug|iOS.Build.0 = Debug|Any CPU
		{3853C971-D4FE-4FE1-BF5C-650CB9FDB03D}.Debug|Windows-AnyCPU.ActiveCfg = Debug|Any CPU
		{3853C971-D4FE-4FE1-BF5C-650CB9FDB03D}.Debug|Windows-AnyCPU.Build.0 = Debug|Any CPU
		{3853C971-D4FE-4FE1-BF5C-650CB9FDB03D}.Debug|Windows-ARM.ActiveCfg = Debug|Any CPU
		{3853C971-D4FE-4FE1-BF5C-650CB9FDB03D}.Debug|Windows-ARM.Build.0 = Debug|Any CPU
		{3853C971-D4FE-4FE1-BF5C-650CB9FDB03D}.Debug|Windows-x64.ActiveCfg = Debug|Any CPU
		{3853C971-D4FE-4FE1-BF5C-650CB9FDB03D}.Debug|Windows-x64.Build.0 = Debug|Any CPU
		{3853C971-D4FE-4FE1-BF5C-650CB9FDB03D}.Debug|Windows-x86.ActiveCfg = Debug|Any CPU
		{3853C971-D4FE-4FE1-BF5C-650CB9FDB03D}.Debug|Windows-x86.Build.0 = Debug|Any CPU
		{3853C971-D4FE-4FE1-BF5C-650CB9FDB03D}.Debug|x64.ActiveCfg = Debug|Any CPU
		{3853C971-D4FE-4FE1-BF5C-650CB9FDB03D}.Debug|x64.Build.0 = Debug|Any CPU
		{3853C971-D4FE-4FE1-BF5C-650CB9FDB03D}.Debug|x86.ActiveCfg = Debug|Any CPU
		{3853C971-D4FE-4FE1-BF5C-650CB9FDB03D}.Debug|x86.Build.0 = Debug|Any CPU
		{3853C971-D4FE-4FE1-BF5C-650CB9FDB03D}.Release|Android.ActiveCfg = Release|Any CPU
		{3853C971-D4FE-4FE1-BF5C-650CB9FDB03D}.Release|Android.Build.0 = Release|Any CPU
		{3853C971-D4FE-4FE1-BF5C-650CB9FDB03D}.Release|Any CPU.ActiveCfg = Release|Any CPU
		{3853C971-D4FE-4FE1-BF5C-650CB9FDB03D}.Release|Any CPU.Build.0 = Release|Any CPU
		{3853C971-D4FE-4FE1-BF5C-650CB9FDB03D}.Release|iOS.ActiveCfg = Release|Any CPU
		{3853C971-D4FE-4FE1-BF5C-650CB9FDB03D}.Release|iOS.Build.0 = Release|Any CPU
		{3853C971-D4FE-4FE1-BF5C-650CB9FDB03D}.Release|Windows-AnyCPU.ActiveCfg = Release|Any CPU
		{3853C971-D4FE-4FE1-BF5C-650CB9FDB03D}.Release|Windows-AnyCPU.Build.0 = Release|Any CPU
		{3853C971-D4FE-4FE1-BF5C-650CB9FDB03D}.Release|Windows-ARM.ActiveCfg = Release|Any CPU
		{3853C971-D4FE-4FE1-BF5C-650CB9FDB03D}.Release|Windows-ARM.Build.0 = Release|Any CPU
		{3853C971-D4FE-4FE1-BF5C-650CB9FDB03D}.Release|Windows-x64.ActiveCfg = Release|Any CPU
		{3853C971-D4FE-4FE1-BF5C-650CB9FDB03D}.Release|Windows-x64.Build.0 = Release|Any CPU
		{3853C971-D4FE-4FE1-BF5C-650CB9FDB03D}.Release|Windows-x86.ActiveCfg = Release|Any CPU
		{3853C971-D4FE-4FE1-BF5C-650CB9FDB03D}.Release|Windows-x86.Build.0 = Release|Any CPU
		{3853C971-D4FE-4FE1-BF5C-650CB9FDB03D}.Release|x64.ActiveCfg = Release|Any CPU
		{3853C971-D4FE-4FE1-BF5C-650CB9FDB03D}.Release|x64.Build.0 = Release|Any CPU
		{3853C971-D4FE-4FE1-BF5C-650CB9FDB03D}.Release|x86.ActiveCfg = Release|Any CPU
		{3853C971-D4FE-4FE1-BF5C-650CB9FDB03D}.Release|x86.Build.0 = Release|Any CPU
		{3E76E10D-4335-436D-A87B-EFD2A4B56EAC}.Debug|Android.ActiveCfg = Debug|Any CPU
		{3E76E10D-4335-436D-A87B-EFD2A4B56EAC}.Debug|Android.Build.0 = Debug|Any CPU
		{3E76E10D-4335-436D-A87B-EFD2A4B56EAC}.Debug|Any CPU.ActiveCfg = Debug|Any CPU
		{3E76E10D-4335-436D-A87B-EFD2A4B56EAC}.Debug|Any CPU.Build.0 = Debug|Any CPU
		{3E76E10D-4335-436D-A87B-EFD2A4B56EAC}.Debug|iOS.ActiveCfg = Debug|Any CPU
		{3E76E10D-4335-436D-A87B-EFD2A4B56EAC}.Debug|iOS.Build.0 = Debug|Any CPU
		{3E76E10D-4335-436D-A87B-EFD2A4B56EAC}.Debug|Windows-AnyCPU.ActiveCfg = Debug|Any CPU
		{3E76E10D-4335-436D-A87B-EFD2A4B56EAC}.Debug|Windows-AnyCPU.Build.0 = Debug|Any CPU
		{3E76E10D-4335-436D-A87B-EFD2A4B56EAC}.Debug|Windows-ARM.ActiveCfg = Debug|Any CPU
		{3E76E10D-4335-436D-A87B-EFD2A4B56EAC}.Debug|Windows-ARM.Build.0 = Debug|Any CPU
		{3E76E10D-4335-436D-A87B-EFD2A4B56EAC}.Debug|Windows-x64.ActiveCfg = Debug|Any CPU
		{3E76E10D-4335-436D-A87B-EFD2A4B56EAC}.Debug|Windows-x64.Build.0 = Debug|Any CPU
		{3E76E10D-4335-436D-A87B-EFD2A4B56EAC}.Debug|Windows-x86.ActiveCfg = Debug|Any CPU
		{3E76E10D-4335-436D-A87B-EFD2A4B56EAC}.Debug|Windows-x86.Build.0 = Debug|Any CPU
		{3E76E10D-4335-436D-A87B-EFD2A4B56EAC}.Debug|x64.ActiveCfg = Debug|Any CPU
		{3E76E10D-4335-436D-A87B-EFD2A4B56EAC}.Debug|x64.Build.0 = Debug|Any CPU
		{3E76E10D-4335-436D-A87B-EFD2A4B56EAC}.Debug|x86.ActiveCfg = Debug|Any CPU
		{3E76E10D-4335-436D-A87B-EFD2A4B56EAC}.Debug|x86.Build.0 = Debug|Any CPU
		{3E76E10D-4335-436D-A87B-EFD2A4B56EAC}.Release|Android.ActiveCfg = Release|Any CPU
		{3E76E10D-4335-436D-A87B-EFD2A4B56EAC}.Release|Android.Build.0 = Release|Any CPU
		{3E76E10D-4335-436D-A87B-EFD2A4B56EAC}.Release|Any CPU.ActiveCfg = Release|Any CPU
		{3E76E10D-4335-436D-A87B-EFD2A4B56EAC}.Release|Any CPU.Build.0 = Release|Any CPU
		{3E76E10D-4335-436D-A87B-EFD2A4B56EAC}.Release|iOS.ActiveCfg = Release|Any CPU
		{3E76E10D-4335-436D-A87B-EFD2A4B56EAC}.Release|iOS.Build.0 = Release|Any CPU
		{3E76E10D-4335-436D-A87B-EFD2A4B56EAC}.Release|Windows-AnyCPU.ActiveCfg = Release|Any CPU
		{3E76E10D-4335-436D-A87B-EFD2A4B56EAC}.Release|Windows-AnyCPU.Build.0 = Release|Any CPU
		{3E76E10D-4335-436D-A87B-EFD2A4B56EAC}.Release|Windows-ARM.ActiveCfg = Release|Any CPU
		{3E76E10D-4335-436D-A87B-EFD2A4B56EAC}.Release|Windows-ARM.Build.0 = Release|Any CPU
		{3E76E10D-4335-436D-A87B-EFD2A4B56EAC}.Release|Windows-x64.ActiveCfg = Release|Any CPU
		{3E76E10D-4335-436D-A87B-EFD2A4B56EAC}.Release|Windows-x64.Build.0 = Release|Any CPU
		{3E76E10D-4335-436D-A87B-EFD2A4B56EAC}.Release|Windows-x86.ActiveCfg = Release|Any CPU
		{3E76E10D-4335-436D-A87B-EFD2A4B56EAC}.Release|Windows-x86.Build.0 = Release|Any CPU
		{3E76E10D-4335-436D-A87B-EFD2A4B56EAC}.Release|x64.ActiveCfg = Release|Any CPU
		{3E76E10D-4335-436D-A87B-EFD2A4B56EAC}.Release|x64.Build.0 = Release|Any CPU
		{3E76E10D-4335-436D-A87B-EFD2A4B56EAC}.Release|x86.ActiveCfg = Release|Any CPU
		{3E76E10D-4335-436D-A87B-EFD2A4B56EAC}.Release|x86.Build.0 = Release|Any CPU
		{F187DC69-C13B-468F-9C7C-0D70CF2E16D5}.Debug|Android.ActiveCfg = Debug|Any CPU
		{F187DC69-C13B-468F-9C7C-0D70CF2E16D5}.Debug|Android.Build.0 = Debug|Any CPU
		{F187DC69-C13B-468F-9C7C-0D70CF2E16D5}.Debug|Any CPU.ActiveCfg = Debug|Any CPU
		{F187DC69-C13B-468F-9C7C-0D70CF2E16D5}.Debug|Any CPU.Build.0 = Debug|Any CPU
		{F187DC69-C13B-468F-9C7C-0D70CF2E16D5}.Debug|iOS.ActiveCfg = Debug|Any CPU
		{F187DC69-C13B-468F-9C7C-0D70CF2E16D5}.Debug|iOS.Build.0 = Debug|Any CPU
		{F187DC69-C13B-468F-9C7C-0D70CF2E16D5}.Debug|Windows-AnyCPU.ActiveCfg = Debug|Any CPU
		{F187DC69-C13B-468F-9C7C-0D70CF2E16D5}.Debug|Windows-AnyCPU.Build.0 = Debug|Any CPU
		{F187DC69-C13B-468F-9C7C-0D70CF2E16D5}.Debug|Windows-ARM.ActiveCfg = Debug|Any CPU
		{F187DC69-C13B-468F-9C7C-0D70CF2E16D5}.Debug|Windows-ARM.Build.0 = Debug|Any CPU
		{F187DC69-C13B-468F-9C7C-0D70CF2E16D5}.Debug|Windows-x64.ActiveCfg = Debug|Any CPU
		{F187DC69-C13B-468F-9C7C-0D70CF2E16D5}.Debug|Windows-x64.Build.0 = Debug|Any CPU
		{F187DC69-C13B-468F-9C7C-0D70CF2E16D5}.Debug|Windows-x86.ActiveCfg = Debug|Any CPU
		{F187DC69-C13B-468F-9C7C-0D70CF2E16D5}.Debug|Windows-x86.Build.0 = Debug|Any CPU
		{F187DC69-C13B-468F-9C7C-0D70CF2E16D5}.Debug|x64.ActiveCfg = Debug|Any CPU
		{F187DC69-C13B-468F-9C7C-0D70CF2E16D5}.Debug|x64.Build.0 = Debug|Any CPU
		{F187DC69-C13B-468F-9C7C-0D70CF2E16D5}.Debug|x86.ActiveCfg = Debug|Any CPU
		{F187DC69-C13B-468F-9C7C-0D70CF2E16D5}.Debug|x86.Build.0 = Debug|Any CPU
		{F187DC69-C13B-468F-9C7C-0D70CF2E16D5}.Release|Android.ActiveCfg = Release|Any CPU
		{F187DC69-C13B-468F-9C7C-0D70CF2E16D5}.Release|Android.Build.0 = Release|Any CPU
		{F187DC69-C13B-468F-9C7C-0D70CF2E16D5}.Release|Any CPU.ActiveCfg = Release|Any CPU
		{F187DC69-C13B-468F-9C7C-0D70CF2E16D5}.Release|Any CPU.Build.0 = Release|Any CPU
		{F187DC69-C13B-468F-9C7C-0D70CF2E16D5}.Release|iOS.ActiveCfg = Release|Any CPU
		{F187DC69-C13B-468F-9C7C-0D70CF2E16D5}.Release|iOS.Build.0 = Release|Any CPU
		{F187DC69-C13B-468F-9C7C-0D70CF2E16D5}.Release|Windows-AnyCPU.ActiveCfg = Release|Any CPU
		{F187DC69-C13B-468F-9C7C-0D70CF2E16D5}.Release|Windows-AnyCPU.Build.0 = Release|Any CPU
		{F187DC69-C13B-468F-9C7C-0D70CF2E16D5}.Release|Windows-ARM.ActiveCfg = Release|Any CPU
		{F187DC69-C13B-468F-9C7C-0D70CF2E16D5}.Release|Windows-ARM.Build.0 = Release|Any CPU
		{F187DC69-C13B-468F-9C7C-0D70CF2E16D5}.Release|Windows-x64.ActiveCfg = Release|Any CPU
		{F187DC69-C13B-468F-9C7C-0D70CF2E16D5}.Release|Windows-x64.Build.0 = Release|Any CPU
		{F187DC69-C13B-468F-9C7C-0D70CF2E16D5}.Release|Windows-x86.ActiveCfg = Release|Any CPU
		{F187DC69-C13B-468F-9C7C-0D70CF2E16D5}.Release|Windows-x86.Build.0 = Release|Any CPU
		{F187DC69-C13B-468F-9C7C-0D70CF2E16D5}.Release|x64.ActiveCfg = Release|Any CPU
		{F187DC69-C13B-468F-9C7C-0D70CF2E16D5}.Release|x64.Build.0 = Release|Any CPU
		{F187DC69-C13B-468F-9C7C-0D70CF2E16D5}.Release|x86.ActiveCfg = Release|Any CPU
		{F187DC69-C13B-468F-9C7C-0D70CF2E16D5}.Release|x86.Build.0 = Release|Any CPU
		{E4FD58CE-D980-4862-BC64-34CE8C83CC52}.Debug|Android.ActiveCfg = Debug|Any CPU
		{E4FD58CE-D980-4862-BC64-34CE8C83CC52}.Debug|Android.Build.0 = Debug|Any CPU
		{E4FD58CE-D980-4862-BC64-34CE8C83CC52}.Debug|Any CPU.ActiveCfg = Debug|Any CPU
		{E4FD58CE-D980-4862-BC64-34CE8C83CC52}.Debug|Any CPU.Build.0 = Debug|Any CPU
		{E4FD58CE-D980-4862-BC64-34CE8C83CC52}.Debug|iOS.ActiveCfg = Debug|Any CPU
		{E4FD58CE-D980-4862-BC64-34CE8C83CC52}.Debug|iOS.Build.0 = Debug|Any CPU
		{E4FD58CE-D980-4862-BC64-34CE8C83CC52}.Debug|Windows-AnyCPU.ActiveCfg = Debug|Any CPU
		{E4FD58CE-D980-4862-BC64-34CE8C83CC52}.Debug|Windows-AnyCPU.Build.0 = Debug|Any CPU
		{E4FD58CE-D980-4862-BC64-34CE8C83CC52}.Debug|Windows-ARM.ActiveCfg = Debug|Any CPU
		{E4FD58CE-D980-4862-BC64-34CE8C83CC52}.Debug|Windows-ARM.Build.0 = Debug|Any CPU
		{E4FD58CE-D980-4862-BC64-34CE8C83CC52}.Debug|Windows-x64.ActiveCfg = Debug|Any CPU
		{E4FD58CE-D980-4862-BC64-34CE8C83CC52}.Debug|Windows-x64.Build.0 = Debug|Any CPU
		{E4FD58CE-D980-4862-BC64-34CE8C83CC52}.Debug|Windows-x86.ActiveCfg = Debug|Any CPU
		{E4FD58CE-D980-4862-BC64-34CE8C83CC52}.Debug|Windows-x86.Build.0 = Debug|Any CPU
		{E4FD58CE-D980-4862-BC64-34CE8C83CC52}.Debug|x64.ActiveCfg = Debug|Any CPU
		{E4FD58CE-D980-4862-BC64-34CE8C83CC52}.Debug|x64.Build.0 = Debug|Any CPU
		{E4FD58CE-D980-4862-BC64-34CE8C83CC52}.Debug|x86.ActiveCfg = Debug|Any CPU
		{E4FD58CE-D980-4862-BC64-34CE8C83CC52}.Debug|x86.Build.0 = Debug|Any CPU
		{E4FD58CE-D980-4862-BC64-34CE8C83CC52}.Release|Android.ActiveCfg = Release|Any CPU
		{E4FD58CE-D980-4862-BC64-34CE8C83CC52}.Release|Android.Build.0 = Release|Any CPU
		{E4FD58CE-D980-4862-BC64-34CE8C83CC52}.Release|Any CPU.ActiveCfg = Release|Any CPU
		{E4FD58CE-D980-4862-BC64-34CE8C83CC52}.Release|Any CPU.Build.0 = Release|Any CPU
		{E4FD58CE-D980-4862-BC64-34CE8C83CC52}.Release|iOS.ActiveCfg = Release|Any CPU
		{E4FD58CE-D980-4862-BC64-34CE8C83CC52}.Release|iOS.Build.0 = Release|Any CPU
		{E4FD58CE-D980-4862-BC64-34CE8C83CC52}.Release|Windows-AnyCPU.ActiveCfg = Release|Any CPU
		{E4FD58CE-D980-4862-BC64-34CE8C83CC52}.Release|Windows-AnyCPU.Build.0 = Release|Any CPU
		{E4FD58CE-D980-4862-BC64-34CE8C83CC52}.Release|Windows-ARM.ActiveCfg = Release|Any CPU
		{E4FD58CE-D980-4862-BC64-34CE8C83CC52}.Release|Windows-ARM.Build.0 = Release|Any CPU
		{E4FD58CE-D980-4862-BC64-34CE8C83CC52}.Release|Windows-x64.ActiveCfg = Release|Any CPU
		{E4FD58CE-D980-4862-BC64-34CE8C83CC52}.Release|Windows-x64.Build.0 = Release|Any CPU
		{E4FD58CE-D980-4862-BC64-34CE8C83CC52}.Release|Windows-x86.ActiveCfg = Release|Any CPU
		{E4FD58CE-D980-4862-BC64-34CE8C83CC52}.Release|Windows-x86.Build.0 = Release|Any CPU
		{E4FD58CE-D980-4862-BC64-34CE8C83CC52}.Release|x64.ActiveCfg = Release|Any CPU
		{E4FD58CE-D980-4862-BC64-34CE8C83CC52}.Release|x64.Build.0 = Release|Any CPU
		{E4FD58CE-D980-4862-BC64-34CE8C83CC52}.Release|x86.ActiveCfg = Release|Any CPU
		{E4FD58CE-D980-4862-BC64-34CE8C83CC52}.Release|x86.Build.0 = Release|Any CPU
		{549CBA80-397B-4F8E-BB0E-5944E9D7E7DD}.Debug|Android.ActiveCfg = Debug|Android
		{549CBA80-397B-4F8E-BB0E-5944E9D7E7DD}.Debug|Android.Build.0 = Debug|Android
		{549CBA80-397B-4F8E-BB0E-5944E9D7E7DD}.Debug|Android.Deploy.0 = Debug|Android
		{549CBA80-397B-4F8E-BB0E-5944E9D7E7DD}.Debug|Any CPU.ActiveCfg = Debug|Android
		{549CBA80-397B-4F8E-BB0E-5944E9D7E7DD}.Debug|Any CPU.Build.0 = Debug|Android
		{549CBA80-397B-4F8E-BB0E-5944E9D7E7DD}.Debug|Any CPU.Deploy.0 = Debug|Android
		{549CBA80-397B-4F8E-BB0E-5944E9D7E7DD}.Debug|iOS.ActiveCfg = Debug|iOS
		{549CBA80-397B-4F8E-BB0E-5944E9D7E7DD}.Debug|iOS.Build.0 = Debug|iOS
		{549CBA80-397B-4F8E-BB0E-5944E9D7E7DD}.Debug|iOS.Deploy.0 = Debug|iOS
		{549CBA80-397B-4F8E-BB0E-5944E9D7E7DD}.Debug|Windows-AnyCPU.ActiveCfg = Debug|Windows-AnyCPU
		{549CBA80-397B-4F8E-BB0E-5944E9D7E7DD}.Debug|Windows-AnyCPU.Build.0 = Debug|Windows-AnyCPU
		{549CBA80-397B-4F8E-BB0E-5944E9D7E7DD}.Debug|Windows-AnyCPU.Deploy.0 = Debug|Windows-AnyCPU
		{549CBA80-397B-4F8E-BB0E-5944E9D7E7DD}.Debug|Windows-ARM.ActiveCfg = Debug|Windows-ARM
		{549CBA80-397B-4F8E-BB0E-5944E9D7E7DD}.Debug|Windows-ARM.Build.0 = Debug|Windows-ARM
		{549CBA80-397B-4F8E-BB0E-5944E9D7E7DD}.Debug|Windows-ARM.Deploy.0 = Debug|Windows-ARM
		{549CBA80-397B-4F8E-BB0E-5944E9D7E7DD}.Debug|Windows-x64.ActiveCfg = Debug|Windows-x64
		{549CBA80-397B-4F8E-BB0E-5944E9D7E7DD}.Debug|Windows-x64.Build.0 = Debug|Windows-x64
		{549CBA80-397B-4F8E-BB0E-5944E9D7E7DD}.Debug|Windows-x64.Deploy.0 = Debug|Windows-x64
		{549CBA80-397B-4F8E-BB0E-5944E9D7E7DD}.Debug|Windows-x86.ActiveCfg = Debug|Windows-x86
		{549CBA80-397B-4F8E-BB0E-5944E9D7E7DD}.Debug|Windows-x86.Build.0 = Debug|Windows-x86
		{549CBA80-397B-4F8E-BB0E-5944E9D7E7DD}.Debug|Windows-x86.Deploy.0 = Debug|Windows-x86
		{549CBA80-397B-4F8E-BB0E-5944E9D7E7DD}.Debug|x64.ActiveCfg = Debug|Windows-x64
		{549CBA80-397B-4F8E-BB0E-5944E9D7E7DD}.Debug|x86.ActiveCfg = Debug|Windows-x86
		{549CBA80-397B-4F8E-BB0E-5944E9D7E7DD}.Release|Android.ActiveCfg = Release|Android
		{549CBA80-397B-4F8E-BB0E-5944E9D7E7DD}.Release|Android.Build.0 = Release|Android
		{549CBA80-397B-4F8E-BB0E-5944E9D7E7DD}.Release|Android.Deploy.0 = Release|Android
		{549CBA80-397B-4F8E-BB0E-5944E9D7E7DD}.Release|Any CPU.ActiveCfg = Release|Android
		{549CBA80-397B-4F8E-BB0E-5944E9D7E7DD}.Release|iOS.ActiveCfg = Release|iOS
		{549CBA80-397B-4F8E-BB0E-5944E9D7E7DD}.Release|iOS.Build.0 = Release|iOS
		{549CBA80-397B-4F8E-BB0E-5944E9D7E7DD}.Release|iOS.Deploy.0 = Release|iOS
		{549CBA80-397B-4F8E-BB0E-5944E9D7E7DD}.Release|Windows-AnyCPU.ActiveCfg = Release|Windows-AnyCPU
		{549CBA80-397B-4F8E-BB0E-5944E9D7E7DD}.Release|Windows-AnyCPU.Build.0 = Release|Windows-AnyCPU
		{549CBA80-397B-4F8E-BB0E-5944E9D7E7DD}.Release|Windows-AnyCPU.Deploy.0 = Release|Windows-AnyCPU
		{549CBA80-397B-4F8E-BB0E-5944E9D7E7DD}.Release|Windows-ARM.ActiveCfg = Release|Windows-ARM
		{549CBA80-397B-4F8E-BB0E-5944E9D7E7DD}.Release|Windows-ARM.Build.0 = Release|Windows-ARM
		{549CBA80-397B-4F8E-BB0E-5944E9D7E7DD}.Release|Windows-ARM.Deploy.0 = Release|Windows-ARM
		{549CBA80-397B-4F8E-BB0E-5944E9D7E7DD}.Release|Windows-x64.ActiveCfg = Release|Windows-x64
		{549CBA80-397B-4F8E-BB0E-5944E9D7E7DD}.Release|Windows-x64.Build.0 = Release|Windows-x64
		{549CBA80-397B-4F8E-BB0E-5944E9D7E7DD}.Release|Windows-x64.Deploy.0 = Release|Windows-x64
		{549CBA80-397B-4F8E-BB0E-5944E9D7E7DD}.Release|Windows-x86.ActiveCfg = Release|Windows-x86
		{549CBA80-397B-4F8E-BB0E-5944E9D7E7DD}.Release|Windows-x86.Build.0 = Release|Windows-x86
		{549CBA80-397B-4F8E-BB0E-5944E9D7E7DD}.Release|Windows-x86.Deploy.0 = Release|Windows-x86
		{549CBA80-397B-4F8E-BB0E-5944E9D7E7DD}.Release|x64.ActiveCfg = Release|Windows-x64
		{549CBA80-397B-4F8E-BB0E-5944E9D7E7DD}.Release|x86.ActiveCfg = Release|Windows-x86
	EndGlobalSection
	GlobalSection(SolutionProperties) = preSolution
		HideSolutionNode = FALSE
	EndGlobalSection
	GlobalSection(NestedProjects) = preSolution
		{549CBA80-397B-4F8E-BB0E-5944E9D7E7DD} = {ACDF8E26-71CC-4775-A9B9-8F71D435E75B}
	EndGlobalSection
EndGlobal
